
Microsoft Visual Studio Solution File, Format Version 12.00
# Visual Studio 15
VisualStudioVersion = 15.0.28010.0
MinimumVisualStudioVersion = 10.0.40219.1
Project("{FAE04EC0-301F-11D3-BF4B-00C04F79EFBC}") = "TempConverter.Business", "TempConverter.Business\TempConverter.Business.csproj", "{A0C857AB-41AC-4DFD-B230-33FDC42933D1}"
EndProject
Project("{FAE04EC0-301F-11D3-BF4B-00C04F79EFBC}") = "TempConverter.WS", "TempConverter.WS\TempConverter.WS.csproj", "{6DB95A62-6443-4F34-B427-53E3D1038F9E}"
EndProject
Project("{FAE04EC0-301F-11D3-BF4B-00C04F79EFBC}") = "TempConverter.Web", "TempConverter.Web\TempConverter.Web.csproj", "{4ECAEA46-69CB-4B6B-BB45-D9276B036E69}"
	ProjectSection(ProjectDependencies) = postProject
		{6DB95A62-6443-4F34-B427-53E3D1038F9E} = {6DB95A62-6443-4F34-B427-53E3D1038F9E}
	EndProjectSection
EndProject
Global
	GlobalSection(SolutionConfigurationPlatforms) = preSolution
		Debug|Any CPU = Debug|Any CPU
		Release|Any CPU = Release|Any CPU
	EndGlobalSection
	GlobalSection(ProjectConfigurationPlatforms) = postSolution
		{A0C857AB-41AC-4DFD-B230-33FDC42933D1}.Debug|Any CPU.ActiveCfg = Debug|Any CPU
		{A0C857AB-41AC-4DFD-B230-33FDC42933D1}.Debug|Any CPU.Build.0 = Debug|Any CPU
		{A0C857AB-41AC-4DFD-B230-33FDC42933D1}.Release|Any CPU.ActiveCfg = Release|Any CPU
		{A0C857AB-41AC-4DFD-B230-33FDC42933D1}.Release|Any CPU.Build.0 = Release|Any CPU
		{6DB95A62-6443-4F34-B427-53E3D1038F9E}.Debug|Any CPU.ActiveCfg = Debug|Any CPU
		{6DB95A62-6443-4F34-B427-53E3D1038F9E}.Debug|Any CPU.Build.0 = Debug|Any CPU
		{6DB95A62-6443-4F34-B427-53E3D1038F9E}.Release|Any CPU.ActiveCfg = Release|Any CPU
		{6DB95A62-6443-4F34-B427-53E3D1038F9E}.Release|Any CPU.Build.0 = Release|Any CPU
		{4ECAEA46-69CB-4B6B-BB45-D9276B036E69}.Debug|Any CPU.ActiveCfg = Debug|Any CPU
		{4ECAEA46-69CB-4B6B-BB45-D9276B036E69}.Debug|Any CPU.Build.0 = Debug|Any CPU
		{4ECAEA46-69CB-4B6B-BB45-D9276B036E69}.Release|Any CPU.ActiveCfg = Release|Any CPU
		{4ECAEA46-69CB-4B6B-BB45-D9276B036E69}.Release|Any CPU.Build.0 = Release|Any CPU
	EndGlobalSection
	GlobalSection(SolutionProperties) = preSolution
		HideSolutionNode = FALSE
	EndGlobalSection
	GlobalSection(ExtensibilityGlobals) = postSolution
		SolutionGuid = {6F8458F1-52A5-4477-9453-07BD018DF769}
	EndGlobalSection
EndGlobal
